
Microsoft Visual Studio Solution File, Format Version 12.00
# Visual Studio Version 16
VisualStudioVersion = 16.6.30114.105
MinimumVisualStudioVersion = 10.0.40219.1
Project("{FAE04EC0-301F-11D3-BF4B-00C04F79EFBC}") = "API", "API\API.csproj", "{F758B6E5-F847-42EF-B028-4168D7944E38}"
EndProject
Project("{FAE04EC0-301F-11D3-BF4B-00C04F79EFBC}") = "Core", "Core\Core.csproj", "{034425E8-8737-4C37-8E8A-C5D1AD2F441D}"
EndProject
Project("{FAE04EC0-301F-11D3-BF4B-00C04F79EFBC}") = "Infrastructure", "Infrastructure\Infrastructure.csproj", "{238C0BD5-27B6-409C-BBCE-F2B081C9EC67}"
EndProject
Project("{2150E333-8FDC-42A3-9474-1A3956D46DE8}") = "solution-items", "solution-items", "{1BF4F1C2-BB29-4C69-8036-8BEE9CAF4DD7}"
	ProjectSection(SolutionItems) = preProject
		.gitattributes = .gitattributes
		.gitignore = .gitignore
		docker-compose.yml = docker-compose.yml
	EndProjectSection
EndProject
Global
	GlobalSection(SolutionConfigurationPlatforms) = preSolution
		Debug|Any CPU = Debug|Any CPU
		Debug|x64 = Debug|x64
		Debug|x86 = Debug|x86
		Release|Any CPU = Release|Any CPU
		Release|x64 = Release|x64
		Release|x86 = Release|x86
	EndGlobalSection
	GlobalSection(SolutionProperties) = preSolution
		HideSolutionNode = FALSE
	EndGlobalSection
	GlobalSection(ProjectConfigurationPlatforms) = postSolution
		{F758B6E5-F847-42EF-B028-4168D7944E38}.Debug|Any CPU.ActiveCfg = Debug|Any CPU
		{F758B6E5-F847-42EF-B028-4168D7944E38}.Debug|Any CPU.Build.0 = Debug|Any CPU
		{F758B6E5-F847-42EF-B028-4168D7944E38}.Debug|x64.ActiveCfg = Debug|Any CPU
		{F758B6E5-F847-42EF-B028-4168D7944E38}.Debug|x64.Build.0 = Debug|Any CPU
		{F758B6E5-F847-42EF-B028-4168D7944E38}.Debug|x86.ActiveCfg = Debug|Any CPU
		{F758B6E5-F847-42EF-B028-4168D7944E38}.Debug|x86.Build.0 = Debug|Any CPU
		{F758B6E5-F847-42EF-B028-4168D7944E38}.Release|Any CPU.ActiveCfg = Release|Any CPU
		{F758B6E5-F847-42EF-B028-4168D7944E38}.Release|Any CPU.Build.0 = Release|Any CPU
		{F758B6E5-F847-42EF-B028-4168D7944E38}.Release|x64.ActiveCfg = Release|Any CPU
		{F758B6E5-F847-42EF-B028-4168D7944E38}.Release|x64.Build.0 = Release|Any CPU
		{F758B6E5-F847-42EF-B028-4168D7944E38}.Release|x86.ActiveCfg = Release|Any CPU
		{F758B6E5-F847-42EF-B028-4168D7944E38}.Release|x86.Build.0 = Release|Any CPU
		{034425E8-8737-4C37-8E8A-C5D1AD2F441D}.Debug|Any CPU.ActiveCfg = Debug|Any CPU
		{034425E8-8737-4C37-8E8A-C5D1AD2F441D}.Debug|Any CPU.Build.0 = Debug|Any CPU
		{034425E8-8737-4C37-8E8A-C5D1AD2F441D}.Debug|x64.ActiveCfg = Debug|Any CPU
		{034425E8-8737-4C37-8E8A-C5D1AD2F441D}.Debug|x64.Build.0 = Debug|Any CPU
		{034425E8-8737-4C37-8E8A-C5D1AD2F441D}.Debug|x86.ActiveCfg = Debug|Any CPU
		{034425E8-8737-4C37-8E8A-C5D1AD2F441D}.Debug|x86.Build.0 = Debug|Any CPU
		{034425E8-8737-4C37-8E8A-C5D1AD2F441D}.Release|Any CPU.ActiveCfg = Release|Any CPU
		{034425E8-8737-4C37-8E8A-C5D1AD2F441D}.Release|Any CPU.Build.0 = Release|Any CPU
		{034425E8-8737-4C37-8E8A-C5D1AD2F441D}.Release|x64.ActiveCfg = Release|Any CPU
		{034425E8-8737-4C37-8E8A-C5D1AD2F441D}.Release|x64.Build.0 = Release|Any CPU
		{034425E8-8737-4C37-8E8A-C5D1AD2F441D}.Release|x86.ActiveCfg = Release|Any CPU
		{034425E8-8737-4C37-8E8A-C5D1AD2F441D}.Release|x86.Build.0 = Release|Any CPU
		{238C0BD5-27B6-409C-BBCE-F2B081C9EC67}.Debug|Any CPU.ActiveCfg = Debug|Any CPU
		{238C0BD5-27B6-409C-BBCE-F2B081C9EC67}.Debug|Any CPU.Build.0 = Debug|Any CPU
		{238C0BD5-27B6-409C-BBCE-F2B081C9EC67}.Debug|x64.ActiveCfg = Debug|Any CPU
		{238C0BD5-27B6-409C-BBCE-F2B081C9EC67}.Debug|x64.Build.0 = Debug|Any CPU
		{238C0BD5-27B6-409C-BBCE-F2B081C9EC67}.Debug|x86.ActiveCfg = Debug|Any CPU
		{238C0BD5-27B6-409C-BBCE-F2B081C9EC67}.Debug|x86.Build.0 = Debug|Any CPU
		{238C0BD5-27B6-409C-BBCE-F2B081C9EC67}.Release|Any CPU.ActiveCfg = Release|Any CPU
		{238C0BD5-27B6-409C-BBCE-F2B081C9EC67}.Release|Any CPU.Build.0 = Release|Any CPU
		{238C0BD5-27B6-409C-BBCE-F2B081C9EC67}.Release|x64.ActiveCfg = Release|Any CPU
		{238C0BD5-27B6-409C-BBCE-F2B081C9EC67}.Release|x64.Build.0 = Release|Any CPU
		{238C0BD5-27B6-409C-BBCE-F2B081C9EC67}.Release|x86.ActiveCfg = Release|Any CPU
		{238C0BD5-27B6-409C-BBCE-F2B081C9EC67}.Release|x86.Build.0 = Release|Any CPU
	EndGlobalSection
EndGlobal
